{
  "name": "backbone.marionette",
  "version": "2.4.1",
  "lockfileVersion": 1,
  "requires": true,
  "dependencies": {
    "backbone": {
      "version": "1.1.2",
      "resolved": "https://registry.npmjs.org/backbone/-/backbone-1.1.2.tgz",
      "integrity": "sha1-wsBMZr+HJo+4LBd6zr7/fTe6by0=",
      "requires": {
        "underscore": ">=1.5.0"
      }
    },
    "backbone-collection-proxy": {
      "version": "0.2.5",
      "resolved": "https://registry.npmjs.org/backbone-collection-proxy/-/backbone-collection-proxy-0.2.5.tgz",
      "integrity": "sha1-C8UHoOHlRNy49R73i7yZWTkFQlE="
    },
    "backbone-filtered-collection": {
      "version": "0.4.0",
      "resolved": "https://registry.npmjs.org/backbone-filtered-collection/-/backbone-filtered-collection-0.4.0.tgz",
      "integrity": "sha1-OQkSKeZvtBtXMJ5ZDSTYICn2p9Q=",
      "requires": {
        "backbone": ">=1.0.0",
        "backbone-collection-proxy": "~0.2.0",
        "underscore": ">=1.5.1"
      }
    },
    "backbone-nested": {
      "version": "2.0.4",
      "resolved": "https://registry.npmjs.org/backbone-nested/-/backbone-nested-2.0.4.tgz",
      "integrity": "sha1-dsjeKostTG7QHMKIDZFKrq6e1Q4=",
      "requires": {
        "backbone": ">=0.9.2",
        "jquery": ">=1.8.3",
        "underscore": ">=1.5.0"
      }
    },
    "jquery": {
      "version": "2.2.4",
      "resolved": "https://registry.npmjs.org/jquery/-/jquery-2.2.4.tgz",
      "integrity": "sha1-LInWiJterFIqfuoywUUhVZxsvwI="
    },
    "jquery-inview": {
      "version": "1.1.2",
      "resolved": "https://registry.npmjs.org/jquery-inview/-/jquery-inview-1.1.2.tgz",
      "integrity": "sha1-a3z29MmrC2Q14EMJLhnvYmAGYsg="
    },
    "jquery-visible": {
      "version": "1.2.0",
      "resolved": "https://registry.npmjs.org/jquery-visible/-/jquery-visible-1.2.0.tgz",
      "integrity": "sha1-SDnKxJLy5/cF/QaxzeICtdqXwek="
    },
    "underscore": {
      "version": "1.11.0",
      "resolved": "https://registry.npmjs.org/underscore/-/underscore-1.11.0.tgz",
      "integrity": "sha512-xY96SsN3NA461qIRKZ/+qox37YXPtSBswMGfiNptr+wrt6ds4HaMw23TP612fEyGekRE6LNRiLYr/aqbHXNedw=="
    }
  }
}
